// !$*UTF8*$!
{
	archiveVersion = 1;
	classes = {
	};
	objectVersion = 48;
	objects = {

/* Begin PBXBuildFile section */
		D407655A1F8D3B8F003AFCE0 /* AppDelegate.swift in Sources */ = {isa = PBXBuildFile; fileRef = D40765591F8D3B8F003AFCE0 /* AppDelegate.swift */; };
		D407655C1F8D3B8F003AFCE0 /* ViewController.swift in Sources */ = {isa = PBXBuildFile; fileRef = D407655B1F8D3B8F003AFCE0 /* ViewController.swift */; };
		D407655F1F8D3B8F003AFCE0 /* Main.storyboard in Resources */ = {isa = PBXBuildFile; fileRef = D407655D1F8D3B8F003AFCE0 /* Main.storyboard */; };
		D40765611F8D3B8F003AFCE0 /* Assets.xcassets in Resources */ = {isa = PBXBuildFile; fileRef = D40765601F8D3B8F003AFCE0 /* Assets.xcassets */; };
		D40765641F8D3B8F003AFCE0 /* LaunchScreen.storyboard in Resources */ = {isa = PBXBuildFile; fileRef = D40765621F8D3B8F003AFCE0 /* LaunchScreen.storyboard */; };
/* End PBXBuildFile section */

/* Begin PBXFileReference section */
		D40765561F8D3B8F003AFCE0 /* Segmented Control.app */ = {isa = PBXFileReference; explicitFileType = wrapper.application; includeInIndex = 0; path = "Segmented Control.app"; sourceTree = BUILT_PRODUCTS_DIR; };
		D40765591F8D3B8F003AFCE0 /* AppDelegate.swift */ = {isa = PBXFileReference; lastKnownFileType = sourcecode.swift; path = AppDelegate.swift; sourceTree = "<group>"; };
		D407655B1F8D3B8F003AFCE0 /* ViewController.swift */ = {isa = PBXFileReference; lastKnownFileType = sourcecode.swift; path = ViewController.swift; sourceTree = "<group>"; };
		D407655E1F8D3B8F003AFCE0 /* Base */ = {isa = PBXFileReference; lastKnownFileType = file.storyboard; name = Base; path = Base.lproj/Main.storyboard; sourceTree = "<group>"; };
		D40765601F8D3B8F003AFCE0 /* Assets.xcassets */ = {isa = PBXFileReference; lastKnownFileType = folder.assetcatalog; path = Assets.xcassets; sourceTree = "<group>"; };
		D40765631F8D3B8F003AFCE0 /* Base */ = {isa = PBXFileReference; lastKnownFileType = file.storyboard; name = Base; path = Base.lproj/LaunchScreen.storyboard; sourceTree = "<group>"; };
		D40765651F8D3B8F003AFCE0 /* Info.plist */ = {isa = PBXFileReference; lastKnownFileType = text.plist.xml; path = Info.plist; sourceTree = "<group>"; };
/* End PBXFileReference section */

/* Begin PBXFrameworksBuildPhase section */
		D40765531F8D3B8F003AFCE0 /* Frameworks */ = {
			isa = PBXFrameworksBuildPhase;
			buildActionMask = 2147483647;
			files = (
			);
			runOnlyForDeploymentPostprocessing = 0;
		};
/* End PBXFrameworksBuildPhase section */

/* Begin PBXGroup section */
		D407654D1F8D3B8F003AFCE0 = {
			isa = PBXGroup;
			children = (
				D40765581F8D3B8F003AFCE0 /* Segmented Control */,
				D40765571F8D3B8F003AFCE0 /* Products */,
			);
			sourceTree = "<group>";
		};
		D40765571F8D3B8F003AFCE0 /* Products */ = {
			isa = PBXGroup;
			children = (
				D40765561F8D3B8F003AFCE0 /* Segmented Control.app */,
			);
			name = Products;
			sourceTree = "<group>";
		};
		D40765581F8D3B8F003AFCE0 /* Segmented Control */ = {
			isa = PBXGroup;
			children = (
				D40765591F8D3B8F003AFCE0 /* AppDelegate.swift */,
				D407655B1F8D3B8F003AFCE0 /* ViewController.swift */,
				D407655D1F8D3B8F003AFCE0 /* Main.storyboard */,
				D40765601F8D3B8F003AFCE0 /* Assets.xcassets */,
				D40765621F8D3B8F003AFCE0 /* LaunchScreen.storyboard */,
				D40765651F8D3B8F003AFCE0 /* Info.plist */,
			);
			path = "Segmented Control";
			sourceTree = "<group>";
		};
/* End PBXGroup section */

/* Begin PBXNativeTarget section */
		D40765551F8D3B8F003AFCE0 /* Segmented Control */ = {
			isa = PBXNativeTarget;
			buildConfigurationList = D40765681F8D3B8F003AFCE0 /* Build configuration list for PBXNativeTarget "Segmented Control" */;
			buildPhases = (
				D40765521F8D3B8F003AFCE0 /* Sources */,
				D40765531F8D3B8F003AFCE0 /* Frameworks */,
				D40765541F8D3B8F003AFCE0 /* Resources */,
			);
			buildRules = (
			);
			dependencies = (
			);
			name = "Segmented Control";
			productName = "Segmented Control";
			productReference = D40765561F8D3B8F003AFCE0 /* Segmented Control.app */;
			productType = "com.apple.product-type.application";
		};
/* End PBXNativeTarget section */

/* Begin PBXProject section */
		D407654E1F8D3B8F003AFCE0 /* Project object */ = {
			isa = PBXProject;
			attributes = {
				LastSwiftUpdateCheck = 0900;
				LastUpgradeCheck = 0900;
				ORGANIZATIONNAME = "David Duenow";
				TargetAttributes = {
					D40765551F8D3B8F003AFCE0 = {
						CreatedOnToolsVersion = 9.0;
						ProvisioningStyle = Automatic;
					};
				};
			};
			buildConfigurationList = D40765511F8D3B8F003AFCE0 /* Build configuration list for PBXProject "Segmented Control" */;
			compatibilityVersion = "Xcode 8.0";
			developmentRegion = en;
			hasScannedForEncodings = 0;
			knownRegions = (
				en,
				Base,
			);
			mainGroup = D407654D1F8D3B8F003AFCE0;
			productRefGroup = D40765571F8D3B8F003AFCE0 /* Products */;
			projectDirPath = "";
			projectRoot = "";
			targets = (
				D40765551F8D3B8F003AFCE0 /* Segmented Control */,
			);
		};
/* End PBXProject section */

/* Begin PBXResourcesBuildPhase section */
		D40765541F8D3B8F003AFCE0 /* Resources */ = {
			isa = PBXResourcesBuildPhase;
			buildActionMask = 2147483647;
			files = (
				D40765641F8D3B8F003AFCE0 /* LaunchScreen.storyboard in Resources */,
				D40765611F8D3B8F003AFCE0 /* Assets.xcassets in Resources */,
				D407655F1F8D3B8F003AFCE0 /* Main.storyboard in Resources */,
			);
			runOnlyForDeploymentPostprocessing = 0;
		};
/* End PBXResourcesBuildPhase section */

/* Begin PBXSourcesBuildPhase section */
		D40765521F8D3B8F003AFCE0 /* Sources */ = {
			isa = PBXSourcesBuildPhase;
			buildActionMask = 2147483647;
			files = (
				D407655C1F8D3B8F003AFCE0 /* ViewController.swift in Sources */,
				D407655A1F8D3B8F003AFCE0 /* AppDelegate.swift in Sources */,
			);
			runOnlyForDeploymentPostprocessing = 0;
		};
/* End PBXSourcesBuildPhase section */

/* Begin PBXVariantGroup section */
		D407655D1F8D3B8F003AFCE0 /* Main.storyboard */ = {
			isa = PBXVariantGroup;
			children = (
				D407655E1F8D3B8F003AFCE0 /* Base */,
			);
			name = Main.storyboard;
			sourceTree = "<group>";
		};
		D40765621F8D3B8F003AFCE0 /* LaunchScreen.storyboard */ = {
			isa = PBXVariantGroup;
			children = (
				D40765631F8D3B8F003AFCE0 /* Base */,
			);
			name = LaunchScreen.storyboard;
			sourceTree = "<group>";
		};
/* End PBXVariantGroup section */

/* Begin XCBuildConfiguration section */
		D40765661F8D3B8F003AFCE0 /* Debug */ = {
			isa = XCBuildConfiguration;
			buildSettings = {
				ALWAYS_SEARCH_USER_PATHS = NO;
				CLANG_ANALYZER_NONNULL = YES;
				CLANG_ANALYZER_NUMBER_OBJECT_CONVERSION = YES_AGGRESSIVE;
				CLANG_CXX_LANGUAGE_STANDARD = "gnu++14";
				CLANG_CXX_LIBRARY = "libc++";
				CLANG_ENABLE_MODULES = YES;
				CLANG_ENABLE_OBJC_ARC = YES;
				CLANG_WARN_BLOCK_CAPTURE_AUTORELEASING = YES;
				CLANG_WARN_BOOL_CONVERSION = YES;
				CLANG_WARN_COMMA = YES;
				CLANG_WARN_CONSTANT_CONVERSION = YES;
				CLANG_WARN_DIRECT_OBJC_ISA_USAGE = YES_ERROR;
				CLANG_WARN_DOCUMENTATION_COMMENTS = YES;
				CLANG_WARN_EMPTY_BODY = YES;
				CLANG_WARN_ENUM_CONVERSION = YES;
				CLANG_WARN_INFINITE_RECURSION = YES;
				CLANG_WARN_INT_CONVERSION = YES;
				CLANG_WARN_NON_LITERAL_NULL_CONVERSION = YES;
				CLANG_WARN_OBJC_LITERAL_CONVERSION = YES;
				CLANG_WARN_OBJC_ROOT_CLASS = YES_ERROR;
				CLANG_WARN_RANGE_LOOP_ANALYSIS = YES;
				CLANG_WARN_STRICT_PROTOTYPES = YES;
				CLANG_WARN_SUSPICIOUS_MOVE = YES;
				CLANG_WARN_UNGUARDED_AVAILABILITY = YES_AGGRESSIVE;
				CLANG_WARN_UNREACHABLE_CODE = YES;
				CLANG_WARN__DUPLICATE_METHOD_MATCH = YES;
				CODE_SIGN_IDENTITY = "iPhone Developer";
				COPY_PHASE_STRIP = NO;
				DEBUG_INFORMATION_FORMAT = dwarf;
				ENABLE_STRICT_OBJC_MSGSEND = YES;
				ENABLE_TESTABILITY = YES;
				GCC_C_LANGUAGE_STANDARD = gnu11;
				GCC_DYNAMIC_NO_PIC = NO;
				GCC_NO_COMMON_BLOCKS = YES;
				GCC_OPTIMIZATION_LEVEL = 0;
				GCC_PREPROCESSOR_DEFINITIONS = (
					"DEBUG=1",
					"$(inherited)",
				);
				GCC_WARN_64_TO_32_BIT_CONVERSION = YES;
				GCC_WARN_ABOUT_RETURN_TYPE = YES_ERROR;
				GCC_WARN_UNDECLARED_SELECTOR = YES;
				GCC_WARN_UNINITIALIZED_AUTOS = YES_AGGRESSIVE;
				GCC_WARN_UNUSED_FUNCTION = YES;
				GCC_WARN_UNUSED_VARIABLE = YES;
				IPHONEOS_DEPLOYMENT_TARGET = 11.0;
				MTL_ENABLE_DEBUG_INFO = YES;
				ONLY_ACTIVE_ARCH = YES;
				SDKROOT = iphoneos;
				SWIFT_ACTIVE_COMPILATION_CONDITIONS = DEBUG;
				SWIFT_OPTIMIZATION_LEVEL = "-Onone";
			};
			name = Debug;
		};
		D40765671F8D3B8F003AFCE0 /* Release */ = {
			isa = XCBuildConfiguration;
			buildSettings = {
				ALWAYS_SEARCH_USER_PATHS = NO;
				CLANG_ANALYZER_NONNULL = YES;
				CLANG_ANALYZER_NUMBER_OBJECT_CONVERSION = YES_AGGRESSIVE;
				CLANG_CXX_LANGUAGE_STANDARD = "gnu++14";
				CLANG_CXX_LIBRARY = "libc++";
				CLANG_ENABLE_MODULES = YES;
				CLANG_ENABLE_OBJC_ARC = YES;
				CLANG_WARN_BLOCK_CAPTURE_AUTORELEASING = YES;
				CLANG_WARN_BOOL_CONVERSION = YES;
				CLANG_WARN_COMMA = YES;
				CLANG_WARN_CONSTANT_CONVERSION = YES;
				CLANG_WARN_DIRECT_OBJC_ISA_USAGE = YES_ERROR;
				CLANG_WARN_DOCUMENTATION_COMMENTS = YES;
				CLANG_WARN_EMPTY_BODY = YES;
				CLANG_WARN_ENUM_CONVERSION = YES;
				CLANG_WARN_INFINITE_RECURSION = YES;
				CLANG_WARN_INT_CONVERSION = YES;
				CLANG_WARN_NON_LITERAL_NULL_CONVERSION = YES;
				CLANG_WARN_OBJC_LITERAL_CONVERSION = YES;
				CLANG_WARN_OBJC_ROOT_CLASS = YES_ERROR;
				CLANG_WARN_RANGE_LOOP_ANALYSIS = YES;
				CLANG_WARN_STRICT_PROTOTYPES = YES;
				CLANG_WARN_SUSPICIOUS_MOVE = YES;
				CLANG_WARN_UNGUARDED_AVAILABILITY = YES_AGGRESSIVE;
				CLANG_WARN_UNREACHABLE_CODE = YES;
				CLANG_WARN__DUPLICATE_METHOD_MATCH = YES;
				CODE_SIGN_IDENTITY = "iPhone Developer";
				COPY_PHASE_STRIP = NO;
				DEBUG_INFORMATION_FORMAT = "dwarf-with-dsym";
				ENABLE_NS_ASSERTIONS = NO;
				ENABLE_STRICT_OBJC_MSGSEND = YES;
				GCC_C_LANGUAGE_STANDARD = gnu11;
				GCC_NO_COMMON_BLOCKS = YES;
				GCC_WARN_64_TO_32_BIT_CONVERSION = YES;
				GCC_WARN_ABOUT_RETURN_TYPE = YES_ERROR;
				GCC_WARN_UNDECLARED_SELECTOR = YES;
				GCC_WARN_UNINITIALIZED_AUTOS = YES_AGGRESSIVE;
				GCC_WARN_UNUSED_FUNCTION = YES;
				GCC_WARN_UNUSED_VARIABLE = YES;
				IPHONEOS_DEPLOYMENT_TARGET = 11.0;
				MTL_ENABLE_DEBUG_INFO = NO;
				SDKROOT = iphoneos;
				SWIFT_OPTIMIZATION_LEVEL = "-Owholemodule";
				VALIDATE_PRODUCT = YES;
			};
			name = Release;
		};
		D40765691F8D3B8F003AFCE0 /* Debug */ = {
			isa = XCBuildConfiguration;
			buildSettings = {
				ASSETCATALOG_COMPILER_APPICON_NAME = AppIcon;
				CODE_SIGN_STYLE = Automatic;
				INFOPLIST_FILE = "Segmented Control/Info.plist";
				LD_RUNPATH_SEARCH_PATHS = "$(inherited) @executable_path/Frameworks";
				PRODUCT_BUNDLE_IDENTIFIER = "edu.missouri.Segmented-Control";
				PRODUCT_NAME = "$(TARGET_NAME)";
				SWIFT_VERSION = 4.0;
				TARGETED_DEVICE_FAMILY = "1,2";
			};
			name = Debug;
		};
		D407656A1F8D3B8F003AFCE0 /* Release */ = {
			isa = XCBuildConfiguration;
			buildSettings = {
				ASSETCATALOG_COMPILER_APPICON_NAME = AppIcon;
				CODE_SIGN_STYLE = Automatic;
				INFOPLIST_FILE = "Segmented Control/Info.plist";
				LD_RUNPATH_SEARCH_PATHS = "$(inherited) @executable_path/Frameworks";
				PRODUCT_BUNDLE_IDENTIFIER = "edu.missouri.Segmented-Control";
				PRODUCT_NAME = "$(TARGET_NAME)";
				SWIFT_VERSION = 4.0;
				TARGETED_DEVICE_FAMILY = "1,2";
			};
			name = Release;
		};
/* End XCBuildConfiguration section */

/* Begin XCConfigurationList section */
		D40765511F8D3B8F003AFCE0 /* Build configuration list for PBXProject "Segmented Control" */ = {
			isa = XCConfigurationList;
			buildConfigurations = (
				D40765661F8D3B8F003AFCE0 /* Debug */,
				D40765671F8D3B8F003AFCE0 /* Release */,
			);
			defaultConfigurationIsVisible = 0;
			defaultConfigurationName = Release;
		};
		D40765681F8D3B8F003AFCE0 /* Build configuration list for PBXNativeTarget "Segmented Control" */ = {
			isa = XCConfigurationList;
			buildConfigurations = (
				D40765691F8D3B8F003AFCE0 /* Debug */,
				D407656A1F8D3B8F003AFCE0 /* Release */,
			);
			defaultConfigurationIsVisible = 0;
			defaultConfigurationName = Release;
		};
/* End XCConfigurationList section */
	};
	rootObject = D407654E1F8D3B8F003AFCE0 /* Project object */;
}
